
Microsoft Visual Studio Solution File, Format Version 12.00
# Visual Studio Version 17
VisualStudioVersion = 17.7.34024.191
MinimumVisualStudioVersion = 10.0.40219.1
Project("{8BC9CEB8-8B4A-11D0-8D11-00A0C91BC942}") = "Ber-2.1", "Ber-2.1\Ber-2.1.vcxproj", "{BD42DD11-EDA9-4776-BA89-D3ECDA14772A}"
EndProject
Global
	GlobalSection(SolutionConfigurationPlatforms) = preSolution
		Debug|x64 = Debug|x64
		Debug|x86 = Debug|x86
		Release|x64 = Release|x64
		Release|x86 = Release|x86
	EndGlobalSection
	GlobalSection(ProjectConfigurationPlatforms) = postSolution
		{BD42DD11-EDA9-4776-BA89-D3ECDA14772A}.Debug|x64.ActiveCfg = Debug|x64
		{BD42DD11-EDA9-4776-BA89-D3ECDA14772A}.Debug|x64.Build.0 = Debug|x64
		{BD42DD11-EDA9-4776-BA89-D3ECDA14772A}.Debug|x86.ActiveCfg = Debug|Win32
		{BD42DD11-EDA9-4776-BA89-D3ECDA14772A}.Debug|x86.Build.0 = Debug|Win32
		{BD42DD11-EDA9-4776-BA89-D3ECDA14772A}.Release|x64.ActiveCfg = Release|x64
		{BD42DD11-EDA9-4776-BA89-D3ECDA14772A}.Release|x64.Build.0 = Release|x64
		{BD42DD11-EDA9-4776-BA89-D3ECDA14772A}.Release|x86.ActiveCfg = Release|Win32
		{BD42DD11-EDA9-4776-BA89-D3ECDA14772A}.Release|x86.Build.0 = Release|Win32
	EndGlobalSection
	GlobalSection(SolutionProperties) = preSolution
		HideSolutionNode = FALSE
	EndGlobalSection
	GlobalSection(ExtensibilityGlobals) = postSolution
		SolutionGuid = {FB18D58D-33C3-49CC-8FA7-8D807B6760B5}
	EndGlobalSection
EndGlobal
