
Microsoft Visual Studio Solution File, Format Version 12.00
# Visual Studio Version 17
VisualStudioVersion = 17.7.34024.191
MinimumVisualStudioVersion = 10.0.40219.1
Project("{8BC9CEB8-8B4A-11D0-8D11-00A0C91BC942}") = "cycle_for", "cycle_for\cycle_for.vcxproj", "{7C4A97AD-AAE9-474A-907C-6F0D5E9E79C8}"
EndProject
Project("{8BC9CEB8-8B4A-11D0-8D11-00A0C91BC942}") = "cycle_while", "cycle_while\cycle_while.vcxproj", "{02212D76-01DF-4EF1-9AA6-D2CCCA641D3A}"
EndProject
Project("{8BC9CEB8-8B4A-11D0-8D11-00A0C91BC942}") = "cycle_do_while", "cycle_do_while\cycle_do_while.vcxproj", "{A49955FC-B607-480F-932E-8629C6849606}"
EndProject
Global
	GlobalSection(SolutionConfigurationPlatforms) = preSolution
		Debug|x64 = Debug|x64
		Debug|x86 = Debug|x86
		Release|x64 = Release|x64
		Release|x86 = Release|x86
	EndGlobalSection
	GlobalSection(ProjectConfigurationPlatforms) = postSolution
		{7C4A97AD-AAE9-474A-907C-6F0D5E9E79C8}.Debug|x64.ActiveCfg = Debug|x64
		{7C4A97AD-AAE9-474A-907C-6F0D5E9E79C8}.Debug|x64.Build.0 = Debug|x64
		{7C4A97AD-AAE9-474A-907C-6F0D5E9E79C8}.Debug|x86.ActiveCfg = Debug|Win32
		{7C4A97AD-AAE9-474A-907C-6F0D5E9E79C8}.Debug|x86.Build.0 = Debug|Win32
		{7C4A97AD-AAE9-474A-907C-6F0D5E9E79C8}.Release|x64.ActiveCfg = Release|x64
		{7C4A97AD-AAE9-474A-907C-6F0D5E9E79C8}.Release|x64.Build.0 = Release|x64
		{7C4A97AD-AAE9-474A-907C-6F0D5E9E79C8}.Release|x86.ActiveCfg = Release|Win32
		{7C4A97AD-AAE9-474A-907C-6F0D5E9E79C8}.Release|x86.Build.0 = Release|Win32
		{02212D76-01DF-4EF1-9AA6-D2CCCA641D3A}.Debug|x64.ActiveCfg = Debug|x64
		{02212D76-01DF-4EF1-9AA6-D2CCCA641D3A}.Debug|x64.Build.0 = Debug|x64
		{02212D76-01DF-4EF1-9AA6-D2CCCA641D3A}.Debug|x86.ActiveCfg = Debug|Win32
		{02212D76-01DF-4EF1-9AA6-D2CCCA641D3A}.Debug|x86.Build.0 = Debug|Win32
		{02212D76-01DF-4EF1-9AA6-D2CCCA641D3A}.Release|x64.ActiveCfg = Release|x64
		{02212D76-01DF-4EF1-9AA6-D2CCCA641D3A}.Release|x64.Build.0 = Release|x64
		{02212D76-01DF-4EF1-9AA6-D2CCCA641D3A}.Release|x86.ActiveCfg = Release|Win32
		{02212D76-01DF-4EF1-9AA6-D2CCCA641D3A}.Release|x86.Build.0 = Release|Win32
		{A49955FC-B607-480F-932E-8629C6849606}.Debug|x64.ActiveCfg = Debug|x64
		{A49955FC-B607-480F-932E-8629C6849606}.Debug|x64.Build.0 = Debug|x64
		{A49955FC-B607-480F-932E-8629C6849606}.Debug|x86.ActiveCfg = Debug|Win32
		{A49955FC-B607-480F-932E-8629C6849606}.Debug|x86.Build.0 = Debug|Win32
		{A49955FC-B607-480F-932E-8629C6849606}.Release|x64.ActiveCfg = Release|x64
		{A49955FC-B607-480F-932E-8629C6849606}.Release|x64.Build.0 = Release|x64
		{A49955FC-B607-480F-932E-8629C6849606}.Release|x86.ActiveCfg = Release|Win32
		{A49955FC-B607-480F-932E-8629C6849606}.Release|x86.Build.0 = Release|Win32
	EndGlobalSection
	GlobalSection(SolutionProperties) = preSolution
		HideSolutionNode = FALSE
	EndGlobalSection
	GlobalSection(ExtensibilityGlobals) = postSolution
		SolutionGuid = {03E42D62-22AA-479C-AC8A-D147007D5E05}
	EndGlobalSection
EndGlobal
