
Microsoft Visual Studio Solution File, Format Version 12.00
# Visual Studio Version 17
VisualStudioVersion = 17.7.34024.191
MinimumVisualStudioVersion = 10.0.40219.1
Project("{8BC9CEB8-8B4A-11D0-8D11-00A0C91BC942}") = "Ber-12.1", "Ber-12.1\Ber-12.1.vcxproj", "{5FC70A0E-7A45-4396-BE9D-C3D7DD13C6C8}"
EndProject
Project("{8BC9CEB8-8B4A-11D0-8D11-00A0C91BC942}") = "Ber-12.2", "Ber-12.2\Ber-12.2.vcxproj", "{0E02654D-8484-4D63-B1CF-DB29FD71C0A4}"
EndProject
Global
	GlobalSection(SolutionConfigurationPlatforms) = preSolution
		Debug|x64 = Debug|x64
		Debug|x86 = Debug|x86
		Release|x64 = Release|x64
		Release|x86 = Release|x86
	EndGlobalSection
	GlobalSection(ProjectConfigurationPlatforms) = postSolution
		{5FC70A0E-7A45-4396-BE9D-C3D7DD13C6C8}.Debug|x64.ActiveCfg = Debug|x64
		{5FC70A0E-7A45-4396-BE9D-C3D7DD13C6C8}.Debug|x64.Build.0 = Debug|x64
		{5FC70A0E-7A45-4396-BE9D-C3D7DD13C6C8}.Debug|x86.ActiveCfg = Debug|Win32
		{5FC70A0E-7A45-4396-BE9D-C3D7DD13C6C8}.Debug|x86.Build.0 = Debug|Win32
		{5FC70A0E-7A45-4396-BE9D-C3D7DD13C6C8}.Release|x64.ActiveCfg = Release|x64
		{5FC70A0E-7A45-4396-BE9D-C3D7DD13C6C8}.Release|x64.Build.0 = Release|x64
		{5FC70A0E-7A45-4396-BE9D-C3D7DD13C6C8}.Release|x86.ActiveCfg = Release|Win32
		{5FC70A0E-7A45-4396-BE9D-C3D7DD13C6C8}.Release|x86.Build.0 = Release|Win32
		{0E02654D-8484-4D63-B1CF-DB29FD71C0A4}.Debug|x64.ActiveCfg = Debug|x64
		{0E02654D-8484-4D63-B1CF-DB29FD71C0A4}.Debug|x64.Build.0 = Debug|x64
		{0E02654D-8484-4D63-B1CF-DB29FD71C0A4}.Debug|x86.ActiveCfg = Debug|Win32
		{0E02654D-8484-4D63-B1CF-DB29FD71C0A4}.Debug|x86.Build.0 = Debug|Win32
		{0E02654D-8484-4D63-B1CF-DB29FD71C0A4}.Release|x64.ActiveCfg = Release|x64
		{0E02654D-8484-4D63-B1CF-DB29FD71C0A4}.Release|x64.Build.0 = Release|x64
		{0E02654D-8484-4D63-B1CF-DB29FD71C0A4}.Release|x86.ActiveCfg = Release|Win32
		{0E02654D-8484-4D63-B1CF-DB29FD71C0A4}.Release|x86.Build.0 = Release|Win32
	EndGlobalSection
	GlobalSection(SolutionProperties) = preSolution
		HideSolutionNode = FALSE
	EndGlobalSection
	GlobalSection(ExtensibilityGlobals) = postSolution
		SolutionGuid = {25266646-9FC8-4902-BB88-052064CD6B23}
	EndGlobalSection
EndGlobal
