
Microsoft Visual Studio Solution File, Format Version 12.00
# Visual Studio Version 17
VisualStudioVersion = 17.7.34024.191
MinimumVisualStudioVersion = 10.0.40219.1
Project("{8BC9CEB8-8B4A-11D0-8D11-00A0C91BC942}") = "Ber-11.1", "Ber-11.1\Ber-11.1.vcxproj", "{C342F421-BC82-4F9B-9607-7160319968EE}"
EndProject
Global
	GlobalSection(SolutionConfigurationPlatforms) = preSolution
		Debug|x64 = Debug|x64
		Debug|x86 = Debug|x86
		Release|x64 = Release|x64
		Release|x86 = Release|x86
	EndGlobalSection
	GlobalSection(ProjectConfigurationPlatforms) = postSolution
		{C342F421-BC82-4F9B-9607-7160319968EE}.Debug|x64.ActiveCfg = Debug|x64
		{C342F421-BC82-4F9B-9607-7160319968EE}.Debug|x64.Build.0 = Debug|x64
		{C342F421-BC82-4F9B-9607-7160319968EE}.Debug|x86.ActiveCfg = Debug|Win32
		{C342F421-BC82-4F9B-9607-7160319968EE}.Debug|x86.Build.0 = Debug|Win32
		{C342F421-BC82-4F9B-9607-7160319968EE}.Release|x64.ActiveCfg = Release|x64
		{C342F421-BC82-4F9B-9607-7160319968EE}.Release|x64.Build.0 = Release|x64
		{C342F421-BC82-4F9B-9607-7160319968EE}.Release|x86.ActiveCfg = Release|Win32
		{C342F421-BC82-4F9B-9607-7160319968EE}.Release|x86.Build.0 = Release|Win32
	EndGlobalSection
	GlobalSection(SolutionProperties) = preSolution
		HideSolutionNode = FALSE
	EndGlobalSection
	GlobalSection(ExtensibilityGlobals) = postSolution
		SolutionGuid = {E55317F8-500C-4FF9-BEEE-C0BF10AC0D44}
	EndGlobalSection
EndGlobal
