
Microsoft Visual Studio Solution File, Format Version 12.00
# Visual Studio Version 17
VisualStudioVersion = 17.7.34024.191
MinimumVisualStudioVersion = 10.0.40219.1
Project("{FAE04EC0-301F-11D3-BF4B-00C04F79EFBC}") = "lab_02", "lab_02\lab_02.csproj", "{330D8774-A7E6-4E18-8BC2-3A5CB8E41F1B}"
EndProject
Global
	GlobalSection(SolutionConfigurationPlatforms) = preSolution
		Debug|Any CPU = Debug|Any CPU
		Release|Any CPU = Release|Any CPU
	EndGlobalSection
	GlobalSection(ProjectConfigurationPlatforms) = postSolution
		{330D8774-A7E6-4E18-8BC2-3A5CB8E41F1B}.Debug|Any CPU.ActiveCfg = Debug|Any CPU
		{330D8774-A7E6-4E18-8BC2-3A5CB8E41F1B}.Debug|Any CPU.Build.0 = Debug|Any CPU
		{330D8774-A7E6-4E18-8BC2-3A5CB8E41F1B}.Release|Any CPU.ActiveCfg = Release|Any CPU
		{330D8774-A7E6-4E18-8BC2-3A5CB8E41F1B}.Release|Any CPU.Build.0 = Release|Any CPU
	EndGlobalSection
	GlobalSection(SolutionProperties) = preSolution
		HideSolutionNode = FALSE
	EndGlobalSection
	GlobalSection(ExtensibilityGlobals) = postSolution
		SolutionGuid = {E90907B9-7CC1-487C-9D77-FB77A201DEFD}
	EndGlobalSection
EndGlobal
