
Microsoft Visual Studio Solution File, Format Version 12.00
# Visual Studio Version 17
VisualStudioVersion = 17.7.34024.191
MinimumVisualStudioVersion = 10.0.40219.1
Project("{FAE04EC0-301F-11D3-BF4B-00C04F79EFBC}") = "lab_01", "lab_01\lab_01.csproj", "{D2426218-5527-4818-809F-E597C65D143E}"
EndProject
Global
	GlobalSection(SolutionConfigurationPlatforms) = preSolution
		Debug|Any CPU = Debug|Any CPU
		Release|Any CPU = Release|Any CPU
	EndGlobalSection
	GlobalSection(ProjectConfigurationPlatforms) = postSolution
		{D2426218-5527-4818-809F-E597C65D143E}.Debug|Any CPU.ActiveCfg = Debug|Any CPU
		{D2426218-5527-4818-809F-E597C65D143E}.Debug|Any CPU.Build.0 = Debug|Any CPU
		{D2426218-5527-4818-809F-E597C65D143E}.Release|Any CPU.ActiveCfg = Release|Any CPU
		{D2426218-5527-4818-809F-E597C65D143E}.Release|Any CPU.Build.0 = Release|Any CPU
	EndGlobalSection
	GlobalSection(SolutionProperties) = preSolution
		HideSolutionNode = FALSE
	EndGlobalSection
	GlobalSection(ExtensibilityGlobals) = postSolution
		SolutionGuid = {7DCE8FE9-E07A-47F1-B3EC-410A90E292A2}
	EndGlobalSection
EndGlobal
