
Microsoft Visual Studio Solution File, Format Version 12.00
# Visual Studio Version 17
VisualStudioVersion = 17.7.34024.191
MinimumVisualStudioVersion = 10.0.40219.1
Project("{FAE04EC0-301F-11D3-BF4B-00C04F79EFBC}") = "lab_06", "lab_06\lab_06.csproj", "{1792C73C-A07D-4402-BE1A-65DE36045910}"
EndProject
Global
	GlobalSection(SolutionConfigurationPlatforms) = preSolution
		Debug|Any CPU = Debug|Any CPU
		Release|Any CPU = Release|Any CPU
	EndGlobalSection
	GlobalSection(ProjectConfigurationPlatforms) = postSolution
		{1792C73C-A07D-4402-BE1A-65DE36045910}.Debug|Any CPU.ActiveCfg = Debug|Any CPU
		{1792C73C-A07D-4402-BE1A-65DE36045910}.Debug|Any CPU.Build.0 = Debug|Any CPU
		{1792C73C-A07D-4402-BE1A-65DE36045910}.Release|Any CPU.ActiveCfg = Release|Any CPU
		{1792C73C-A07D-4402-BE1A-65DE36045910}.Release|Any CPU.Build.0 = Release|Any CPU
	EndGlobalSection
	GlobalSection(SolutionProperties) = preSolution
		HideSolutionNode = FALSE
	EndGlobalSection
	GlobalSection(ExtensibilityGlobals) = postSolution
		SolutionGuid = {E3C7E858-75B2-45CC-BA18-0B3492FB6B6E}
	EndGlobalSection
EndGlobal
